
Microsoft Visual Studio Solution File, Format Version 12.00
# Visual Studio Version 17
VisualStudioVersion = 17.11.35303.130
MinimumVisualStudioVersion = 10.0.40219.1
Project("{FAE04EC0-301F-11D3-BF4B-00C04F79EFBC}") = "Server", "Server\Server.csproj", "{5B22410D-71F3-4DB6-9E67-4697A56B103D}"
EndProject
Project("{FAE04EC0-301F-11D3-BF4B-00C04F79EFBC}") = "Client", "Client\Client.csproj", "{95C0B5C2-545B-4780-B884-5A55BEAB0982}"
EndProject
Global
	GlobalSection(SolutionConfigurationPlatforms) = preSolution
		Debug|Any CPU = Debug|Any CPU
		Release|Any CPU = Release|Any CPU
	EndGlobalSection
	GlobalSection(ProjectConfigurationPlatforms) = postSolution
		{5B22410D-71F3-4DB6-9E67-4697A56B103D}.Debug|Any CPU.ActiveCfg = Debug|Any CPU
		{5B22410D-71F3-4DB6-9E67-4697A56B103D}.Debug|Any CPU.Build.0 = Debug|Any CPU
		{5B22410D-71F3-4DB6-9E67-4697A56B103D}.Release|Any CPU.ActiveCfg = Release|Any CPU
		{5B22410D-71F3-4DB6-9E67-4697A56B103D}.Release|Any CPU.Build.0 = Release|Any CPU
		{95C0B5C2-545B-4780-B884-5A55BEAB0982}.Debug|Any CPU.ActiveCfg = Debug|Any CPU
		{95C0B5C2-545B-4780-B884-5A55BEAB0982}.Debug|Any CPU.Build.0 = Debug|Any CPU
		{95C0B5C2-545B-4780-B884-5A55BEAB0982}.Release|Any CPU.ActiveCfg = Release|Any CPU
		{95C0B5C2-545B-4780-B884-5A55BEAB0982}.Release|Any CPU.Build.0 = Release|Any CPU
	EndGlobalSection
	GlobalSection(SolutionProperties) = preSolution
		HideSolutionNode = FALSE
	EndGlobalSection
	GlobalSection(ExtensibilityGlobals) = postSolution
		SolutionGuid = {3EEDD313-D492-49E3-A11A-2B862357354C}
	EndGlobalSection
EndGlobal
